
Microsoft Visual Studio Solution File, Format Version 12.00
# Visual Studio 15
VisualStudioVersion = 15.0.28010.2050
MinimumVisualStudioVersion = 10.0.40219.1
Project("{F184B08F-C81C-45F6-A57F-5ABD9991F28F}") = "EjerciciosProyecto1", "EjerciciosProyecto1\EjerciciosProyecto1.vbproj", "{A2EC61CF-A11D-4C50-9571-154F7638D4A8}"
EndProject
Global
	GlobalSection(SolutionConfigurationPlatforms) = preSolution
		Debug|Any CPU = Debug|Any CPU
		Release|Any CPU = Release|Any CPU
	EndGlobalSection
	GlobalSection(ProjectConfigurationPlatforms) = postSolution
		{A2EC61CF-A11D-4C50-9571-154F7638D4A8}.Debug|Any CPU.ActiveCfg = Debug|Any CPU
		{A2EC61CF-A11D-4C50-9571-154F7638D4A8}.Debug|Any CPU.Build.0 = Debug|Any CPU
		{A2EC61CF-A11D-4C50-9571-154F7638D4A8}.Release|Any CPU.ActiveCfg = Release|Any CPU
		{A2EC61CF-A11D-4C50-9571-154F7638D4A8}.Release|Any CPU.Build.0 = Release|Any CPU
	EndGlobalSection
	GlobalSection(SolutionProperties) = preSolution
		HideSolutionNode = FALSE
	EndGlobalSection
	GlobalSection(ExtensibilityGlobals) = postSolution
		SolutionGuid = {232F21EF-10FE-466F-A465-0DE61A36E199}
	EndGlobalSection
EndGlobal
